// !$*UTF8*$!
{
	archiveVersion = 1;
	classes = {
	};
	objectVersion = 56;
	objects = {

/* Begin PBXBuildFile section */
		3B37A8D12A188BA6009BB504 /* GraduationProjectApp.swift in Sources */ = {isa = PBXBuildFile; fileRef = 3B37A8D02A188BA6009BB504 /* GraduationProjectApp.swift */; };
		3B37A8D32A188BA6009BB504 /* ContentView.swift in Sources */ = {isa = PBXBuildFile; fileRef = 3B37A8D22A188BA6009BB504 /* ContentView.swift */; };
		3B37A8D52A188BA6009BB504 /* Assets.xcassets in Resources */ = {isa = PBXBuildFile; fileRef = 3B37A8D42A188BA6009BB504 /* Assets.xcassets */; };
		3B37A8D92A188BA6009BB504 /* Preview Assets.xcassets in Resources */ = {isa = PBXBuildFile; fileRef = 3B37A8D82A188BA6009BB504 /* Preview Assets.xcassets */; };
		3B37A8E32A188BA6009BB504 /* GraduationProjectTests.swift in Sources */ = {isa = PBXBuildFile; fileRef = 3B37A8E22A188BA6009BB504 /* GraduationProjectTests.swift */; };
		3B37A8ED2A188BA6009BB504 /* GraduationProjectUITests.swift in Sources */ = {isa = PBXBuildFile; fileRef = 3B37A8EC2A188BA6009BB504 /* GraduationProjectUITests.swift */; };
		3B37A8EF2A188BA6009BB504 /* GraduationProjectUITestsLaunchTests.swift in Sources */ = {isa = PBXBuildFile; fileRef = 3B37A8EE2A188BA6009BB504 /* GraduationProjectUITestsLaunchTests.swift */; };
/* End PBXBuildFile section */

/* Begin PBXContainerItemProxy section */
		3B37A8DF2A188BA6009BB504 /* PBXContainerItemProxy */ = {
			isa = PBXContainerItemProxy;
			containerPortal = 3B37A8C52A188BA5009BB504 /* Project object */;
			proxyType = 1;
			remoteGlobalIDString = 3B37A8CC2A188BA5009BB504;
			remoteInfo = GraduationProject;
		};
		3B37A8E92A188BA6009BB504 /* PBXContainerItemProxy */ = {
			isa = PBXContainerItemProxy;
			containerPortal = 3B37A8C52A188BA5009BB504 /* Project object */;
			proxyType = 1;
			remoteGlobalIDString = 3B37A8CC2A188BA5009BB504;
			remoteInfo = GraduationProject;
		};
/* End PBXContainerItemProxy section */

/* Begin PBXFileReference section */
		3B37A8CD2A188BA5009BB504 /* GraduationProject.app */ = {isa = PBXFileReference; explicitFileType = wrapper.application; includeInIndex = 0; path = GraduationProject.app; sourceTree = BUILT_PRODUCTS_DIR; };
		3B37A8D02A188BA6009BB504 /* GraduationProjectApp.swift */ = {isa = PBXFileReference; lastKnownFileType = sourcecode.swift; path = GraduationProjectApp.swift; sourceTree = "<group>"; };
		3B37A8D22A188BA6009BB504 /* ContentView.swift */ = {isa = PBXFileReference; lastKnownFileType = sourcecode.swift; path = ContentView.swift; sourceTree = "<group>"; };
		3B37A8D42A188BA6009BB504 /* Assets.xcassets */ = {isa = PBXFileReference; lastKnownFileType = folder.assetcatalog; path = Assets.xcassets; sourceTree = "<group>"; };
		3B37A8D62A188BA6009BB504 /* GraduationProject.entitlements */ = {isa = PBXFileReference; lastKnownFileType = text.plist.entitlements; path = GraduationProject.entitlements; sourceTree = "<group>"; };
		3B37A8D82A188BA6009BB504 /* Preview Assets.xcassets */ = {isa = PBXFileReference; lastKnownFileType = folder.assetcatalog; path = "Preview Assets.xcassets"; sourceTree = "<group>"; };
		3B37A8DE2A188BA6009BB504 /* GraduationProjectTests.xctest */ = {isa = PBXFileReference; explicitFileType = wrapper.cfbundle; includeInIndex = 0; path = GraduationProjectTests.xctest; sourceTree = BUILT_PRODUCTS_DIR; };
		3B37A8E22A188BA6009BB504 /* GraduationProjectTests.swift */ = {isa = PBXFileReference; lastKnownFileType = sourcecode.swift; path = GraduationProjectTests.swift; sourceTree = "<group>"; };
		3B37A8E82A188BA6009BB504 /* GraduationProjectUITests.xctest */ = {isa = PBXFileReference; explicitFileType = wrapper.cfbundle; includeInIndex = 0; path = GraduationProjectUITests.xctest; sourceTree = BUILT_PRODUCTS_DIR; };
		3B37A8EC2A188BA6009BB504 /* GraduationProjectUITests.swift */ = {isa = PBXFileReference; lastKnownFileType = sourcecode.swift; path = GraduationProjectUITests.swift; sourceTree = "<group>"; };
		3B37A8EE2A188BA6009BB504 /* GraduationProjectUITestsLaunchTests.swift */ = {isa = PBXFileReference; lastKnownFileType = sourcecode.swift; path = GraduationProjectUITestsLaunchTests.swift; sourceTree = "<group>"; };
/* End PBXFileReference section */

/* Begin PBXFrameworksBuildPhase section */
		3B37A8CA2A188BA5009BB504 /* Frameworks */ = {
			isa = PBXFrameworksBuildPhase;
			buildActionMask = 2147483647;
			files = (
			);
			runOnlyForDeploymentPostprocessing = 0;
		};
		3B37A8DB2A188BA6009BB504 /* Frameworks */ = {
			isa = PBXFrameworksBuildPhase;
			buildActionMask = 2147483647;
			files = (
			);
			runOnlyForDeploymentPostprocessing = 0;
		};
		3B37A8E52A188BA6009BB504 /* Frameworks */ = {
			isa = PBXFrameworksBuildPhase;
			buildActionMask = 2147483647;
			files = (
			);
			runOnlyForDeploymentPostprocessing = 0;
		};
/* End PBXFrameworksBuildPhase section */

/* Begin PBXGroup section */
		3B37A8C42A188BA5009BB504 = {
			isa = PBXGroup;
			children = (
				3B37A8CF2A188BA5009BB504 /* GraduationProject */,
				3B37A8E12A188BA6009BB504 /* GraduationProjectTests */,
				3B37A8EB2A188BA6009BB504 /* GraduationProjectUITests */,
				3B37A8CE2A188BA5009BB504 /* Products */,
			);
			sourceTree = "<group>";
		};
		3B37A8CE2A188BA5009BB504 /* Products */ = {
			isa = PBXGroup;
			children = (
				3B37A8CD2A188BA5009BB504 /* GraduationProject.app */,
				3B37A8DE2A188BA6009BB504 /* GraduationProjectTests.xctest */,
				3B37A8E82A188BA6009BB504 /* GraduationProjectUITests.xctest */,
			);
			name = Products;
			sourceTree = "<group>";
		};
		3B37A8CF2A188BA5009BB504 /* GraduationProject */ = {
			isa = PBXGroup;
			children = (
				3B37A8D02A188BA6009BB504 /* GraduationProjectApp.swift */,
				3B37A8D22A188BA6009BB504 /* ContentView.swift */,
				3B37A8D42A188BA6009BB504 /* Assets.xcassets */,
				3B37A8D62A188BA6009BB504 /* GraduationProject.entitlements */,
				3B37A8D72A188BA6009BB504 /* Preview Content */,
			);
			path = GraduationProject;
			sourceTree = "<group>";
		};
		3B37A8D72A188BA6009BB504 /* Preview Content */ = {
			isa = PBXGroup;
			children = (
				3B37A8D82A188BA6009BB504 /* Preview Assets.xcassets */,
			);
			path = "Preview Content";
			sourceTree = "<group>";
		};
		3B37A8E12A188BA6009BB504 /* GraduationProjectTests */ = {
			isa = PBXGroup;
			children = (
				3B37A8E22A188BA6009BB504 /* GraduationProjectTests.swift */,
			);
			path = GraduationProjectTests;
			sourceTree = "<group>";
		};
		3B37A8EB2A188BA6009BB504 /* GraduationProjectUITests */ = {
			isa = PBXGroup;
			children = (
				3B37A8EC2A188BA6009BB504 /* GraduationProjectUITests.swift */,
				3B37A8EE2A188BA6009BB504 /* GraduationProjectUITestsLaunchTests.swift */,
			);
			path = GraduationProjectUITests;
			sourceTree = "<group>";
		};
/* End PBXGroup section */

/* Begin PBXNativeTarget section */
		3B37A8CC2A188BA5009BB504 /* GraduationProject */ = {
			isa = PBXNativeTarget;
			buildConfigurationList = 3B37A8F22A188BA6009BB504 /* Build configuration list for PBXNativeTarget "GraduationProject" */;
			buildPhases = (
				3B37A8C92A188BA5009BB504 /* Sources */,
				3B37A8CA2A188BA5009BB504 /* Frameworks */,
				3B37A8CB2A188BA5009BB504 /* Resources */,
			);
			buildRules = (
			);
			dependencies = (
			);
			name = GraduationProject;
			productName = GraduationProject;
			productReference = 3B37A8CD2A188BA5009BB504 /* GraduationProject.app */;
			productType = "com.apple.product-type.application";
		};
		3B37A8DD2A188BA6009BB504 /* GraduationProjectTests */ = {
			isa = PBXNativeTarget;
			buildConfigurationList = 3B37A8F52A188BA6009BB504 /* Build configuration list for PBXNativeTarget "GraduationProjectTests" */;
			buildPhases = (
				3B37A8DA2A188BA6009BB504 /* Sources */,
				3B37A8DB2A188BA6009BB504 /* Frameworks */,
				3B37A8DC2A188BA6009BB504 /* Resources */,
			);
			buildRules = (
			);
			dependencies = (
				3B37A8E02A188BA6009BB504 /* PBXTargetDependency */,
			);
			name = GraduationProjectTests;
			productName = GraduationProjectTests;
			productReference = 3B37A8DE2A188BA6009BB504 /* GraduationProjectTests.xctest */;
			productType = "com.apple.product-type.bundle.unit-test";
		};
		3B37A8E72A188BA6009BB504 /* GraduationProjectUITests */ = {
			isa = PBXNativeTarget;
			buildConfigurationList = 3B37A8F82A188BA6009BB504 /* Build configuration list for PBXNativeTarget "GraduationProjectUITests" */;
			buildPhases = (
				3B37A8E42A188BA6009BB504 /* Sources */,
				3B37A8E52A188BA6009BB504 /* Frameworks */,
				3B37A8E62A188BA6009BB504 /* Resources */,
			);
			buildRules = (
			);
			dependencies = (
				3B37A8EA2A188BA6009BB504 /* PBXTargetDependency */,
			);
			name = GraduationProjectUITests;
			productName = GraduationProjectUITests;
			productReference = 3B37A8E82A188BA6009BB504 /* GraduationProjectUITests.xctest */;
			productType = "com.apple.product-type.bundle.ui-testing";
		};
/* End PBXNativeTarget section */

/* Begin PBXProject section */
		3B37A8C52A188BA5009BB504 /* Project object */ = {
			isa = PBXProject;
			attributes = {
				BuildIndependentTargetsInParallel = 1;
				LastSwiftUpdateCheck = 1420;
				LastUpgradeCheck = 1420;
				TargetAttributes = {
					3B37A8CC2A188BA5009BB504 = {
						CreatedOnToolsVersion = 14.2;
					};
					3B37A8DD2A188BA6009BB504 = {
						CreatedOnToolsVersion = 14.2;
						TestTargetID = 3B37A8CC2A188BA5009BB504;
					};
					3B37A8E72A188BA6009BB504 = {
						CreatedOnToolsVersion = 14.2;
						TestTargetID = 3B37A8CC2A188BA5009BB504;
					};
				};
			};
			buildConfigurationList = 3B37A8C82A188BA5009BB504 /* Build configuration list for PBXProject "GraduationProject" */;
			compatibilityVersion = "Xcode 14.0";
			developmentRegion = en;
			hasScannedForEncodings = 0;
			knownRegions = (
				en,
				Base,
			);
			mainGroup = 3B37A8C42A188BA5009BB504;
			productRefGroup = 3B37A8CE2A188BA5009BB504 /* Products */;
			projectDirPath = "";
			projectRoot = "";
			targets = (
				3B37A8CC2A188BA5009BB504 /* GraduationProject */,
				3B37A8DD2A188BA6009BB504 /* GraduationProjectTests */,
				3B37A8E72A188BA6009BB504 /* GraduationProjectUITests */,
			);
		};
/* End PBXProject section */

/* Begin PBXResourcesBuildPhase section */
		3B37A8CB2A188BA5009BB504 /* Resources */ = {
			isa = PBXResourcesBuildPhase;
			buildActionMask = 2147483647;
			files = (
				3B37A8D92A188BA6009BB504 /* Preview Assets.xcassets in Resources */,
				3B37A8D52A188BA6009BB504 /* Assets.xcassets in Resources */,
			);
			runOnlyForDeploymentPostprocessing = 0;
		};
		3B37A8DC2A188BA6009BB504 /* Resources */ = {
			isa = PBXResourcesBuildPhase;
			buildActionMask = 2147483647;
			files = (
			);
			runOnlyForDeploymentPostprocessing = 0;
		};
		3B37A8E62A188BA6009BB504 /* Resources */ = {
			isa = PBXResourcesBuildPhase;
			buildActionMask = 2147483647;
			files = (
			);
			runOnlyForDeploymentPostprocessing = 0;
		};
/* End PBXResourcesBuildPhase section */

/* Begin PBXSourcesBuildPhase section */
		3B37A8C92A188BA5009BB504 /* Sources */ = {
			isa = PBXSourcesBuildPhase;
			buildActionMask = 2147483647;
			files = (
				3B37A8D32A188BA6009BB504 /* ContentView.swift in Sources */,
				3B37A8D12A188BA6009BB504 /* GraduationProjectApp.swift in Sources */,
			);
			runOnlyForDeploymentPostprocessing = 0;
		};
		3B37A8DA2A188BA6009BB504 /* Sources */ = {
			isa = PBXSourcesBuildPhase;
			buildActionMask = 2147483647;
			files = (
				3B37A8E32A188BA6009BB504 /* GraduationProjectTests.swift in Sources */,
			);
			runOnlyForDeploymentPostprocessing = 0;
		};
		3B37A8E42A188BA6009BB504 /* Sources */ = {
			isa = PBXSourcesBuildPhase;
			buildActionMask = 2147483647;
			files = (
				3B37A8EF2A188BA6009BB504 /* GraduationProjectUITestsLaunchTests.swift in Sources */,
				3B37A8ED2A188BA6009BB504 /* GraduationProjectUITests.swift in Sources */,
			);
			runOnlyForDeploymentPostprocessing = 0;
		};
/* End PBXSourcesBuildPhase section */

/* Begin PBXTargetDependency section */
		3B37A8E02A188BA6009BB504 /* PBXTargetDependency */ = {
			isa = PBXTargetDependency;
			target = 3B37A8CC2A188BA5009BB504 /* GraduationProject */;
			targetProxy = 3B37A8DF2A188BA6009BB504 /* PBXContainerItemProxy */;
		};
		3B37A8EA2A188BA6009BB504 /* PBXTargetDependency */ = {
			isa = PBXTargetDependency;
			target = 3B37A8CC2A188BA5009BB504 /* GraduationProject */;
			targetProxy = 3B37A8E92A188BA6009BB504 /* PBXContainerItemProxy */;
		};
/* End PBXTargetDependency section */

/* Begin XCBuildConfiguration section */
		3B37A8F02A188BA6009BB504 /* Debug */ = {
			isa = XCBuildConfiguration;
			buildSettings = {
				ALWAYS_SEARCH_USER_PATHS = NO;
				CLANG_ANALYZER_NONNULL = YES;
				CLANG_ANALYZER_NUMBER_OBJECT_CONVERSION = YES_AGGRESSIVE;
				CLANG_CXX_LANGUAGE_STANDARD = "gnu++20";
				CLANG_ENABLE_MODULES = YES;
				CLANG_ENABLE_OBJC_ARC = YES;
				CLANG_ENABLE_OBJC_WEAK = YES;
				CLANG_WARN_BLOCK_CAPTURE_AUTORELEASING = YES;
				CLANG_WARN_BOOL_CONVERSION = YES;
				CLANG_WARN_COMMA = YES;
				CLANG_WARN_CONSTANT_CONVERSION = YES;
				CLANG_WARN_DEPRECATED_OBJC_IMPLEMENTATIONS = YES;
				CLANG_WARN_DIRECT_OBJC_ISA_USAGE = YES_ERROR;
				CLANG_WARN_DOCUMENTATION_COMMENTS = YES;
				CLANG_WARN_EMPTY_BODY = YES;
				CLANG_WARN_ENUM_CONVERSION = YES;
				CLANG_WARN_INFINITE_RECURSION = YES;
				CLANG_WARN_INT_CONVERSION = YES;
				CLANG_WARN_NON_LITERAL_NULL_CONVERSION = YES;
				CLANG_WARN_OBJC_IMPLICIT_RETAIN_SELF = YES;
				CLANG_WARN_OBJC_LITERAL_CONVERSION = YES;
				CLANG_WARN_OBJC_ROOT_CLASS = YES_ERROR;
				CLANG_WARN_QUOTED_INCLUDE_IN_FRAMEWORK_HEADER = YES;
				CLANG_WARN_RANGE_LOOP_ANALYSIS = YES;
				CLANG_WARN_STRICT_PROTOTYPES = YES;
				CLANG_WARN_SUSPICIOUS_MOVE = YES;
				CLANG_WARN_UNGUARDED_AVAILABILITY = YES_AGGRESSIVE;
				CLANG_WARN_UNREACHABLE_CODE = YES;
				CLANG_WARN__DUPLICATE_METHOD_MATCH = YES;
				COPY_PHASE_STRIP = NO;
				DEBUG_INFORMATION_FORMAT = dwarf;
				ENABLE_STRICT_OBJC_MSGSEND = YES;
				ENABLE_TESTABILITY = YES;
				GCC_C_LANGUAGE_STANDARD = gnu11;
				GCC_DYNAMIC_NO_PIC = NO;
				GCC_NO_COMMON_BLOCKS = YES;
				GCC_OPTIMIZATION_LEVEL = 0;
				GCC_PREPROCESSOR_DEFINITIONS = (
					"DEBUG=1",
					"$(inherited)",
				);
				GCC_WARN_64_TO_32_BIT_CONVERSION = YES;
				GCC_WARN_ABOUT_RETURN_TYPE = YES_ERROR;
				GCC_WARN_UNDECLARED_SELECTOR = YES;
				GCC_WARN_UNINITIALIZED_AUTOS = YES_AGGRESSIVE;
				GCC_WARN_UNUSED_FUNCTION = YES;
				GCC_WARN_UNUSED_VARIABLE = YES;
				MTL_ENABLE_DEBUG_INFO = INCLUDE_SOURCE;
				MTL_FAST_MATH = YES;
				ONLY_ACTIVE_ARCH = YES;
				SWIFT_ACTIVE_COMPILATION_CONDITIONS = DEBUG;
				SWIFT_OPTIMIZATION_LEVEL = "-Onone";
			};
			name = Debug;
		};
		3B37A8F12A188BA6009BB504 /* Release */ = {
			isa = XCBuildConfiguration;
			buildSettings = {
				ALWAYS_SEARCH_USER_PATHS = NO;
				CLANG_ANALYZER_NONNULL = YES;
				CLANG_ANALYZER_NUMBER_OBJECT_CONVERSION = YES_AGGRESSIVE;
				CLANG_CXX_LANGUAGE_STANDARD = "gnu++20";
				CLANG_ENABLE_MODULES = YES;
				CLANG_ENABLE_OBJC_ARC = YES;
				CLANG_ENABLE_OBJC_WEAK = YES;
				CLANG_WARN_BLOCK_CAPTURE_AUTORELEASING = YES;
				CLANG_WARN_BOOL_CONVERSION = YES;
				CLANG_WARN_COMMA = YES;
				CLANG_WARN_CONSTANT_CONVERSION = YES;
				CLANG_WARN_DEPRECATED_OBJC_IMPLEMENTATIONS = YES;
				CLANG_WARN_DIRECT_OBJC_ISA_USAGE = YES_ERROR;
				CLANG_WARN_DOCUMENTATION_COMMENTS = YES;
				CLANG_WARN_EMPTY_BODY = YES;
				CLANG_WARN_ENUM_CONVERSION = YES;
				CLANG_WARN_INFINITE_RECURSION = YES;
				CLANG_WARN_INT_CONVERSION = YES;
				CLANG_WARN_NON_LITERAL_NULL_CONVERSION = YES;
				CLANG_WARN_OBJC_IMPLICIT_RETAIN_SELF = YES;
				CLANG_WARN_OBJC_LITERAL_CONVERSION = YES;
				CLANG_WARN_OBJC_ROOT_CLASS = YES_ERROR;
				CLANG_WARN_QUOTED_INCLUDE_IN_FRAMEWORK_HEADER = YES;
				CLANG_WARN_RANGE_LOOP_ANALYSIS = YES;
				CLANG_WARN_STRICT_PROTOTYPES = YES;
				CLANG_WARN_SUSPICIOUS_MOVE = YES;
				CLANG_WARN_UNGUARDED_AVAILABILITY = YES_AGGRESSIVE;
				CLANG_WARN_UNREACHABLE_CODE = YES;
				CLANG_WARN__DUPLICATE_METHOD_MATCH = YES;
				COPY_PHASE_STRIP = NO;
				DEBUG_INFORMATION_FORMAT = "dwarf-with-dsym";
				ENABLE_NS_ASSERTIONS = NO;
				ENABLE_STRICT_OBJC_MSGSEND = YES;
				GCC_C_LANGUAGE_STANDARD = gnu11;
				GCC_NO_COMMON_BLOCKS = YES;
				GCC_WARN_64_TO_32_BIT_CONVERSION = YES;
				GCC_WARN_ABOUT_RETURN_TYPE = YES_ERROR;
				GCC_WARN_UNDECLARED_SELECTOR = YES;
				GCC_WARN_UNINITIALIZED_AUTOS = YES_AGGRESSIVE;
				GCC_WARN_UNUSED_FUNCTION = YES;
				GCC_WARN_UNUSED_VARIABLE = YES;
				MTL_ENABLE_DEBUG_INFO = NO;
				MTL_FAST_MATH = YES;
				SWIFT_COMPILATION_MODE = wholemodule;
				SWIFT_OPTIMIZATION_LEVEL = "-O";
			};
			name = Release;
		};
		3B37A8F32A188BA6009BB504 /* Debug */ = {
			isa = XCBuildConfiguration;
			buildSettings = {
				ASSETCATALOG_COMPILER_APPICON_NAME = AppIcon;
				ASSETCATALOG_COMPILER_GLOBAL_ACCENT_COLOR_NAME = AccentColor;
				CODE_SIGN_ENTITLEMENTS = GraduationProject/GraduationProject.entitlements;
				CODE_SIGN_STYLE = Automatic;
				CURRENT_PROJECT_VERSION = 1;
				DEVELOPMENT_ASSET_PATHS = "\"GraduationProject/Preview Content\"";
				DEVELOPMENT_TEAM = MX3FJA9996;
				ENABLE_HARDENED_RUNTIME = YES;
				ENABLE_PREVIEWS = YES;
				GENERATE_INFOPLIST_FILE = YES;
				"INFOPLIST_KEY_UIApplicationSceneManifest_Generation[sdk=iphoneos*]" = YES;
				"INFOPLIST_KEY_UIApplicationSceneManifest_Generation[sdk=iphonesimulator*]" = YES;
				"INFOPLIST_KEY_UIApplicationSupportsIndirectInputEvents[sdk=iphoneos*]" = YES;
				"INFOPLIST_KEY_UIApplicationSupportsIndirectInputEvents[sdk=iphonesimulator*]" = YES;
				"INFOPLIST_KEY_UILaunchScreen_Generation[sdk=iphoneos*]" = YES;
				"INFOPLIST_KEY_UILaunchScreen_Generation[sdk=iphonesimulator*]" = YES;
				"INFOPLIST_KEY_UIStatusBarStyle[sdk=iphoneos*]" = UIStatusBarStyleDefault;
				"INFOPLIST_KEY_UIStatusBarStyle[sdk=iphonesimulator*]" = UIStatusBarStyleDefault;
				INFOPLIST_KEY_UISupportedInterfaceOrientations_iPad = "UIInterfaceOrientationPortrait UIInterfaceOrientationPortraitUpsideDown UIInterfaceOrientationLandscapeLeft UIInterfaceOrientationLandscapeRight";
				INFOPLIST_KEY_UISupportedInterfaceOrientations_iPhone = "UIInterfaceOrientationPortrait UIInterfaceOrientationLandscapeLeft UIInterfaceOrientationLandscapeRight";
				IPHONEOS_DEPLOYMENT_TARGET = 16.2;
				LD_RUNPATH_SEARCH_PATHS = "@executable_path/Frameworks";
				"LD_RUNPATH_SEARCH_PATHS[sdk=macosx*]" = "@executable_path/../Frameworks";
				MACOSX_DEPLOYMENT_TARGET = 13.1;
				MARKETING_VERSION = 1.0;
				PRODUCT_BUNDLE_IDENTIFIER = heonrim.GraduationProject;
				PRODUCT_NAME = "$(TARGET_NAME)";
				SDKROOT = auto;
				SUPPORTED_PLATFORMS = "iphoneos iphonesimulator macosx";
				SWIFT_EMIT_LOC_STRINGS = YES;
				SWIFT_VERSION = 5.0;
				TARGETED_DEVICE_FAMILY = "1,2";
			};
			name = Debug;
		};
		3B37A8F42A188BA6009BB504 /* Release */ = {
			isa = XCBuildConfiguration;
			buildSettings = {
				ASSETCATALOG_COMPILER_APPICON_NAME = AppIcon;
				ASSETCATALOG_COMPILER_GLOBAL_ACCENT_COLOR_NAME = AccentColor;
				CODE_SIGN_ENTITLEMENTS = GraduationProject/GraduationProject.entitlements;
				CODE_SIGN_STYLE = Automatic;
				CURRENT_PROJECT_VERSION = 1;
				DEVELOPMENT_ASSET_PATHS = "\"GraduationProject/Preview Content\"";
				DEVELOPMENT_TEAM = MX3FJA9996;
				ENABLE_HARDENED_RUNTIME = YES;
				ENABLE_PREVIEWS = YES;
				GENERATE_INFOPLIST_FILE = YES;
				"INFOPLIST_KEY_UIApplicationSceneManifest_Generation[sdk=iphoneos*]" = YES;
				"INFOPLIST_KEY_UIApplicationSceneManifest_Generation[sdk=iphonesimulator*]" = YES;
				"INFOPLIST_KEY_UIApplicationSupportsIndirectInputEvents[sdk=iphoneos*]" = YES;
				"INFOPLIST_KEY_UIApplicationSupportsIndirectInputEvents[sdk=iphonesimulator*]" = YES;
				"INFOPLIST_KEY_UILaunchScreen_Generation[sdk=iphoneos*]" = YES;
				"INFOPLIST_KEY_UILaunchScreen_Generation[sdk=iphonesimulator*]" = YES;
				"INFOPLIST_KEY_UIStatusBarStyle[sdk=iphoneos*]" = UIStatusBarStyleDefault;
				"INFOPLIST_KEY_UIStatusBarStyle[sdk=iphonesimulator*]" = UIStatusBarStyleDefault;
				INFOPLIST_KEY_UISupportedInterfaceOrientations_iPad = "UIInterfaceOrientationPortrait UIInterfaceOrientationPortraitUpsideDown UIInterfaceOrientationLandscapeLeft UIInterfaceOrientationLandscapeRight";
				INFOPLIST_KEY_UISupportedInterfaceOrientations_iPhone = "UIInterfaceOrientationPortrait UIInterfaceOrientationLandscapeLeft UIInterfaceOrientationLandscapeRight";
				IPHONEOS_DEPLOYMENT_TARGET = 16.2;
				LD_RUNPATH_SEARCH_PATHS = "@executable_path/Frameworks";
				"LD_RUNPATH_SEARCH_PATHS[sdk=macosx*]" = "@executable_path/../Frameworks";
				MACOSX_DEPLOYMENT_TARGET = 13.1;
				MARKETING_VERSION = 1.0;
				PRODUCT_BUNDLE_IDENTIFIER = heonrim.GraduationProject;
				PRODUCT_NAME = "$(TARGET_NAME)";
				SDKROOT = auto;
				SUPPORTED_PLATFORMS = "iphoneos iphonesimulator macosx";
				SWIFT_EMIT_LOC_STRINGS = YES;
				SWIFT_VERSION = 5.0;
				TARGETED_DEVICE_FAMILY = "1,2";
			};
			name = Release;
		};
		3B37A8F62A188BA6009BB504 /* Debug */ = {
			isa = XCBuildConfiguration;
			buildSettings = {
				ALWAYS_EMBED_SWIFT_STANDARD_LIBRARIES = YES;
				BUNDLE_LOADER = "$(TEST_HOST)";
				CODE_SIGN_STYLE = Automatic;
				CURRENT_PROJECT_VERSION = 1;
				DEVELOPMENT_TEAM = MX3FJA9996;
				GENERATE_INFOPLIST_FILE = YES;
				IPHONEOS_DEPLOYMENT_TARGET = 16.2;
				MACOSX_DEPLOYMENT_TARGET = 13.1;
				MARKETING_VERSION = 1.0;
				PRODUCT_BUNDLE_IDENTIFIER = heonrim.GraduationProjectTests;
				PRODUCT_NAME = "$(TARGET_NAME)";
				SDKROOT = auto;
				SUPPORTED_PLATFORMS = "iphoneos iphonesimulator macosx";
				SWIFT_EMIT_LOC_STRINGS = NO;
				SWIFT_VERSION = 5.0;
				TARGETED_DEVICE_FAMILY = "1,2";
				TEST_HOST = "$(BUILT_PRODUCTS_DIR)/GraduationProject.app/$(BUNDLE_EXECUTABLE_FOLDER_PATH)/GraduationProject";
			};
			name = Debug;
		};
		3B37A8F72A188BA6009BB504 /* Release */ = {
			isa = XCBuildConfiguration;
			buildSettings = {
				ALWAYS_EMBED_SWIFT_STANDARD_LIBRARIES = YES;
				BUNDLE_LOADER = "$(TEST_HOST)";
				CODE_SIGN_STYLE = Automatic;
				CURRENT_PROJECT_VERSION = 1;
				DEVELOPMENT_TEAM = MX3FJA9996;
				GENERATE_INFOPLIST_FILE = YES;
				IPHONEOS_DEPLOYMENT_TARGET = 16.2;
				MACOSX_DEPLOYMENT_TARGET = 13.1;
				MARKETING_VERSION = 1.0;
				PRODUCT_BUNDLE_IDENTIFIER = heonrim.GraduationProjectTests;
				PRODUCT_NAME = "$(TARGET_NAME)";
				SDKROOT = auto;
				SUPPORTED_PLATFORMS = "iphoneos iphonesimulator macosx";
				SWIFT_EMIT_LOC_STRINGS = NO;
				SWIFT_VERSION = 5.0;
				TARGETED_DEVICE_FAMILY = "1,2";
				TEST_HOST = "$(BUILT_PRODUCTS_DIR)/GraduationProject.app/$(BUNDLE_EXECUTABLE_FOLDER_PATH)/GraduationProject";
			};
			name = Release;
		};
		3B37A8F92A188BA6009BB504 /* Debug */ = {
			isa = XCBuildConfiguration;
			buildSettings = {
				ALWAYS_EMBED_SWIFT_STANDARD_LIBRARIES = YES;
				CODE_SIGN_STYLE = Automatic;
				CURRENT_PROJECT_VERSION = 1;
				DEVELOPMENT_TEAM = MX3FJA9996;
				GENERATE_INFOPLIST_FILE = YES;
				IPHONEOS_DEPLOYMENT_TARGET = 16.2;
				MACOSX_DEPLOYMENT_TARGET = 13.1;
				MARKETING_VERSION = 1.0;
				PRODUCT_BUNDLE_IDENTIFIER = heonrim.GraduationProjectUITests;
				PRODUCT_NAME = "$(TARGET_NAME)";
				SDKROOT = auto;
				SUPPORTED_PLATFORMS = "iphoneos iphonesimulator macosx";
				SWIFT_EMIT_LOC_STRINGS = NO;
				SWIFT_VERSION = 5.0;
				TARGETED_DEVICE_FAMILY = "1,2";
				TEST_TARGET_NAME = GraduationProject;
			};
			name = Debug;
		};
		3B37A8FA2A188BA6009BB504 /* Release */ = {
			isa = XCBuildConfiguration;
			buildSettings = {
				ALWAYS_EMBED_SWIFT_STANDARD_LIBRARIES = YES;
				CODE_SIGN_STYLE = Automatic;
				CURRENT_PROJECT_VERSION = 1;
				DEVELOPMENT_TEAM = MX3FJA9996;
				GENERATE_INFOPLIST_FILE = YES;
				IPHONEOS_DEPLOYMENT_TARGET = 16.2;
				MACOSX_DEPLOYMENT_TARGET = 13.1;
				MARKETING_VERSION = 1.0;
				PRODUCT_BUNDLE_IDENTIFIER = heonrim.GraduationProjectUITests;
				PRODUCT_NAME = "$(TARGET_NAME)";
				SDKROOT = auto;
				SUPPORTED_PLATFORMS = "iphoneos iphonesimulator macosx";
				SWIFT_EMIT_LOC_STRINGS = NO;
				SWIFT_VERSION = 5.0;
				TARGETED_DEVICE_FAMILY = "1,2";
				TEST_TARGET_NAME = GraduationProject;
			};
			name = Release;
		};
/* End XCBuildConfiguration section */

/* Begin XCConfigurationList section */
		3B37A8C82A188BA5009BB504 /* Build configuration list for PBXProject "GraduationProject" */ = {
			isa = XCConfigurationList;
			buildConfigurations = (
				3B37A8F02A188BA6009BB504 /* Debug */,
				3B37A8F12A188BA6009BB504 /* Release */,
			);
			defaultConfigurationIsVisible = 0;
			defaultConfigurationName = Release;
		};
		3B37A8F22A188BA6009BB504 /* Build configuration list for PBXNativeTarget "GraduationProject" */ = {
			isa = XCConfigurationList;
			buildConfigurations = (
				3B37A8F32A188BA6009BB504 /* Debug */,
				3B37A8F42A188BA6009BB504 /* Release */,
			);
			defaultConfigurationIsVisible = 0;
			defaultConfigurationName = Release;
		};
		3B37A8F52A188BA6009BB504 /* Build configuration list for PBXNativeTarget "GraduationProjectTests" */ = {
			isa = XCConfigurationList;
			buildConfigurations = (
				3B37A8F62A188BA6009BB504 /* Debug */,
				3B37A8F72A188BA6009BB504 /* Release */,
			);
			defaultConfigurationIsVisible = 0;
			defaultConfigurationName = Release;
		};
		3B37A8F82A188BA6009BB504 /* Build configuration list for PBXNativeTarget "GraduationProjectUITests" */ = {
			isa = XCConfigurationList;
			buildConfigurations = (
				3B37A8F92A188BA6009BB504 /* Debug */,
				3B37A8FA2A188BA6009BB504 /* Release */,
			);
			defaultConfigurationIsVisible = 0;
			defaultConfigurationName = Release;
		};
/* End XCConfigurationList section */
	};
	rootObject = 3B37A8C52A188BA5009BB504 /* Project object */;
}
